
Microsoft Visual Studio Solution File, Format Version 12.00
# Visual Studio Version 16
VisualStudioVersion = 16.0.30523.141
MinimumVisualStudioVersion = 10.0.40219.1
Project("{FAE04EC0-301F-11D3-BF4B-00C04F79EFBC}") = "Moldovan_Sonia_Lab8", "Moldovan_Sonia_Lab8\Moldovan_Sonia_Lab8.csproj", "{A38A50B4-DAF5-47D1-A7EB-A72FE2A252EE}"
EndProject
Global
	GlobalSection(SolutionConfigurationPlatforms) = preSolution
		Debug|Any CPU = Debug|Any CPU
		Release|Any CPU = Release|Any CPU
	EndGlobalSection
	GlobalSection(ProjectConfigurationPlatforms) = postSolution
		{A38A50B4-DAF5-47D1-A7EB-A72FE2A252EE}.Debug|Any CPU.ActiveCfg = Debug|Any CPU
		{A38A50B4-DAF5-47D1-A7EB-A72FE2A252EE}.Debug|Any CPU.Build.0 = Debug|Any CPU
		{A38A50B4-DAF5-47D1-A7EB-A72FE2A252EE}.Release|Any CPU.ActiveCfg = Release|Any CPU
		{A38A50B4-DAF5-47D1-A7EB-A72FE2A252EE}.Release|Any CPU.Build.0 = Release|Any CPU
	EndGlobalSection
	GlobalSection(SolutionProperties) = preSolution
		HideSolutionNode = FALSE
	EndGlobalSection
	GlobalSection(ExtensibilityGlobals) = postSolution
		SolutionGuid = {D9113B4A-2674-4CDF-978C-DD308F7DDF2E}
	EndGlobalSection
EndGlobal
